
Microsoft Visual Studio Solution File, Format Version 12.00
# Visual Studio 14
VisualStudioVersion = 14.0.25123.0
MinimumVisualStudioVersion = 10.0.40219.1
Project("{FAE04EC0-301F-11D3-BF4B-00C04F79EFBC}") = "PhotoPlugin", "PhotoPlugin\PhotoPlugin.csproj", "{4FAACB88-9DE8-406E-BB75-32C97F6EA3C3}"
EndProject
Project("{FAE04EC0-301F-11D3-BF4B-00C04F79EFBC}") = "CommandInterface", "ICommand\CommandInterface.csproj", "{02C9B748-E3FA-4E94-95D9-6BD24EF309A6}"
EndProject
Project("{FAE04EC0-301F-11D3-BF4B-00C04F79EFBC}") = "Plugins", "Plugins\Plugins.csproj", "{A5AA2C46-362F-45DC-9728-B0449BC0D024}"
EndProject
Global
	GlobalSection(SolutionConfigurationPlatforms) = preSolution
		Debug|Any CPU = Debug|Any CPU
		Release|Any CPU = Release|Any CPU
	EndGlobalSection
	GlobalSection(ProjectConfigurationPlatforms) = postSolution
		{4FAACB88-9DE8-406E-BB75-32C97F6EA3C3}.Debug|Any CPU.ActiveCfg = Debug|Any CPU
		{4FAACB88-9DE8-406E-BB75-32C97F6EA3C3}.Debug|Any CPU.Build.0 = Debug|Any CPU
		{4FAACB88-9DE8-406E-BB75-32C97F6EA3C3}.Release|Any CPU.ActiveCfg = Release|Any CPU
		{4FAACB88-9DE8-406E-BB75-32C97F6EA3C3}.Release|Any CPU.Build.0 = Release|Any CPU
		{02C9B748-E3FA-4E94-95D9-6BD24EF309A6}.Debug|Any CPU.ActiveCfg = Debug|Any CPU
		{02C9B748-E3FA-4E94-95D9-6BD24EF309A6}.Debug|Any CPU.Build.0 = Debug|Any CPU
		{02C9B748-E3FA-4E94-95D9-6BD24EF309A6}.Release|Any CPU.ActiveCfg = Release|Any CPU
		{02C9B748-E3FA-4E94-95D9-6BD24EF309A6}.Release|Any CPU.Build.0 = Release|Any CPU
		{A5AA2C46-362F-45DC-9728-B0449BC0D024}.Debug|Any CPU.ActiveCfg = Debug|Any CPU
		{A5AA2C46-362F-45DC-9728-B0449BC0D024}.Debug|Any CPU.Build.0 = Debug|Any CPU
		{A5AA2C46-362F-45DC-9728-B0449BC0D024}.Release|Any CPU.ActiveCfg = Release|Any CPU
		{A5AA2C46-362F-45DC-9728-B0449BC0D024}.Release|Any CPU.Build.0 = Release|Any CPU
	EndGlobalSection
	GlobalSection(SolutionProperties) = preSolution
		HideSolutionNode = FALSE
	EndGlobalSection
EndGlobal
